// !$*UTF8*$!
{
	archiveVersion = 1;
	classes = {
	};
	objectVersion = 55;
	objects = {

/* Begin PBXBuildFile section */
		832A02B92900DA3500D571E1 /* GoogleService-Info.plist in Resources */ = {isa = PBXBuildFile; fileRef = 832A02B82900DA3500D571E1 /* GoogleService-Info.plist */; };
		832A02BC2900E34900D571E1 /* LoginViewModel.swift in Sources */ = {isa = PBXBuildFile; fileRef = 832A02BB2900E34900D571E1 /* LoginViewModel.swift */; };
		83353C6F28D9A66B00EB80A7 /* AddClosetViewController.swift in Sources */ = {isa = PBXBuildFile; fileRef = 83353C6E28D9A66B00EB80A7 /* AddClosetViewController.swift */; };
		8355A8E528DAA82F00F9534A /* AddClosetViewController.storyboard in Resources */ = {isa = PBXBuildFile; fileRef = 8355A8E428DAA82F00F9534A /* AddClosetViewController.storyboard */; };
		8355A90428DAE49700F9534A /* Pretendard-Black.otf in Resources */ = {isa = PBXBuildFile; fileRef = 8355A8FF28DAE48300F9534A /* Pretendard-Black.otf */; };
		8355A90528DAE49A00F9534A /* Pretendard-ExtraBold.otf in Resources */ = {isa = PBXBuildFile; fileRef = 8355A90128DAE48300F9534A /* Pretendard-ExtraBold.otf */; };
		8355A90628DAE49D00F9534A /* Pretendard-Bold.otf in Resources */ = {isa = PBXBuildFile; fileRef = 8355A8FC28DAE48200F9534A /* Pretendard-Bold.otf */; };
		8355A90728DAE49F00F9534A /* Pretendard-SemiBold.otf in Resources */ = {isa = PBXBuildFile; fileRef = 8355A8FE28DAE48200F9534A /* Pretendard-SemiBold.otf */; };
		8355A90828DAE4A200F9534A /* Pretendard-Medium.otf in Resources */ = {isa = PBXBuildFile; fileRef = 8355A8FB28DAE48200F9534A /* Pretendard-Medium.otf */; };
		8355A90928DAE4A400F9534A /* Pretendard-Regular.otf in Resources */ = {isa = PBXBuildFile; fileRef = 8355A90028DAE48300F9534A /* Pretendard-Regular.otf */; };
		8355A90A28DAE4A700F9534A /* Pretendard-Light.otf in Resources */ = {isa = PBXBuildFile; fileRef = 8355A8FD28DAE48200F9534A /* Pretendard-Light.otf */; };
		8355A90B28DAE4A900F9534A /* Pretendard-ExtraLight.otf in Resources */ = {isa = PBXBuildFile; fileRef = 8355A90228DAE48300F9534A /* Pretendard-ExtraLight.otf */; };
		8355A90C28DAE4AB00F9534A /* Pretendard-Thin.otf in Resources */ = {isa = PBXBuildFile; fileRef = 8355A90328DAE48300F9534A /* Pretendard-Thin.otf */; };
		8355A90F28DAE4C200F9534A /* Font.swift in Sources */ = {isa = PBXBuildFile; fileRef = 8355A90E28DAE4C200F9534A /* Font.swift */; };
		837A67B628FEE3D900046632 /* GoogleSignIn in Frameworks */ = {isa = PBXBuildFile; productRef = 837A67B528FEE3D900046632 /* GoogleSignIn */; };
		837A67B828FEE3D900046632 /* GoogleSignInSwift in Frameworks */ = {isa = PBXBuildFile; productRef = 837A67B728FEE3D900046632 /* GoogleSignInSwift */; };
		837A67DE28FFB45D00046632 /* LoginViewController.storyboard in Resources */ = {isa = PBXBuildFile; fileRef = 837A67DD28FFB45D00046632 /* LoginViewController.storyboard */; };
		837A67E028FFB47600046632 /* LoginViewController.swift in Sources */ = {isa = PBXBuildFile; fileRef = 837A67DF28FFB47600046632 /* LoginViewController.swift */; };
		837A67E228FFB51400046632 /* StartViewController.swift in Sources */ = {isa = PBXBuildFile; fileRef = 837A67E128FFB51400046632 /* StartViewController.swift */; };
		837A67E528FFB68000046632 /* FirebaseAnalytics in Frameworks */ = {isa = PBXBuildFile; productRef = 837A67E428FFB68000046632 /* FirebaseAnalytics */; };
		837A67E728FFB68000046632 /* FirebaseAuth in Frameworks */ = {isa = PBXBuildFile; productRef = 837A67E628FFB68000046632 /* FirebaseAuth */; };
		837A67E928FFB68000046632 /* FirebaseFirestore in Frameworks */ = {isa = PBXBuildFile; productRef = 837A67E828FFB68000046632 /* FirebaseFirestore */; };
		83AF5E2F28D8107D00608C1F /* AllClosetViewController.swift in Sources */ = {isa = PBXBuildFile; fileRef = 83AF5E2E28D8107D00608C1F /* AllClosetViewController.swift */; };
		83B7E5EA28FFB9B700B1B674 /* UIViewControllerExtension.swift in Sources */ = {isa = PBXBuildFile; fileRef = 83B7E5E928FFB9B700B1B674 /* UIViewControllerExtension.swift */; };
		83BEC86F28CF7A56005BB854 /* AppDelegate.swift in Sources */ = {isa = PBXBuildFile; fileRef = 83BEC86E28CF7A56005BB854 /* AppDelegate.swift */; };
		83BEC87128CF7A56005BB854 /* SceneDelegate.swift in Sources */ = {isa = PBXBuildFile; fileRef = 83BEC87028CF7A56005BB854 /* SceneDelegate.swift */; };
		83BEC87328CF7A56005BB854 /* MainViewController.swift in Sources */ = {isa = PBXBuildFile; fileRef = 83BEC87228CF7A56005BB854 /* MainViewController.swift */; };
		83BEC87628CF7A56005BB854 /* Main.storyboard in Resources */ = {isa = PBXBuildFile; fileRef = 83BEC87428CF7A56005BB854 /* Main.storyboard */; };
		83BEC87828CF7A57005BB854 /* Assets.xcassets in Resources */ = {isa = PBXBuildFile; fileRef = 83BEC87728CF7A57005BB854 /* Assets.xcassets */; };
		83BEC87B28CF7A57005BB854 /* LaunchScreen.storyboard in Resources */ = {isa = PBXBuildFile; fileRef = 83BEC87928CF7A57005BB854 /* LaunchScreen.storyboard */; };
		83C2793528D63D510071F392 /* MainClosetViewController.storyboard in Resources */ = {isa = PBXBuildFile; fileRef = 83C2793428D63D510071F392 /* MainClosetViewController.storyboard */; };
		83D6244328D3FCC8008DD677 /* MainClosetViewController.swift in Sources */ = {isa = PBXBuildFile; fileRef = 83D6244228D3FCC8008DD677 /* MainClosetViewController.swift */; };
		83D6244728D40332008DD677 /* SettingViewController.swift in Sources */ = {isa = PBXBuildFile; fileRef = 83D6244628D40332008DD677 /* SettingViewController.swift */; };
		83D6244928D40371008DD677 /* SettingViewController.storyboard in Resources */ = {isa = PBXBuildFile; fileRef = 83D6244828D40371008DD677 /* SettingViewController.storyboard */; };
/* End PBXBuildFile section */

/* Begin PBXFileReference section */
		832A02B82900DA3500D571E1 /* GoogleService-Info.plist */ = {isa = PBXFileReference; fileEncoding = 4; lastKnownFileType = text.plist.xml; name = "GoogleService-Info.plist"; path = "../../../../Downloads/GoogleService-Info.plist"; sourceTree = "<group>"; };
		832A02BB2900E34900D571E1 /* LoginViewModel.swift */ = {isa = PBXFileReference; lastKnownFileType = sourcecode.swift; path = LoginViewModel.swift; sourceTree = "<group>"; };
		83353C6E28D9A66B00EB80A7 /* AddClosetViewController.swift */ = {isa = PBXFileReference; lastKnownFileType = sourcecode.swift; path = AddClosetViewController.swift; sourceTree = "<group>"; };
		8355A8E428DAA82F00F9534A /* AddClosetViewController.storyboard */ = {isa = PBXFileReference; lastKnownFileType = file.storyboard; path = AddClosetViewController.storyboard; sourceTree = "<group>"; };
		8355A8FB28DAE48200F9534A /* Pretendard-Medium.otf */ = {isa = PBXFileReference; lastKnownFileType = file; path = "Pretendard-Medium.otf"; sourceTree = "<group>"; };
		8355A8FC28DAE48200F9534A /* Pretendard-Bold.otf */ = {isa = PBXFileReference; lastKnownFileType = file; path = "Pretendard-Bold.otf"; sourceTree = "<group>"; };
		8355A8FD28DAE48200F9534A /* Pretendard-Light.otf */ = {isa = PBXFileReference; lastKnownFileType = file; path = "Pretendard-Light.otf"; sourceTree = "<group>"; };
		8355A8FE28DAE48200F9534A /* Pretendard-SemiBold.otf */ = {isa = PBXFileReference; lastKnownFileType = file; path = "Pretendard-SemiBold.otf"; sourceTree = "<group>"; };
		8355A8FF28DAE48300F9534A /* Pretendard-Black.otf */ = {isa = PBXFileReference; lastKnownFileType = file; path = "Pretendard-Black.otf"; sourceTree = "<group>"; };
		8355A90028DAE48300F9534A /* Pretendard-Regular.otf */ = {isa = PBXFileReference; lastKnownFileType = file; path = "Pretendard-Regular.otf"; sourceTree = "<group>"; };
		8355A90128DAE48300F9534A /* Pretendard-ExtraBold.otf */ = {isa = PBXFileReference; lastKnownFileType = file; path = "Pretendard-ExtraBold.otf"; sourceTree = "<group>"; };
		8355A90228DAE48300F9534A /* Pretendard-ExtraLight.otf */ = {isa = PBXFileReference; lastKnownFileType = file; path = "Pretendard-ExtraLight.otf"; sourceTree = "<group>"; };
		8355A90328DAE48300F9534A /* Pretendard-Thin.otf */ = {isa = PBXFileReference; lastKnownFileType = file; path = "Pretendard-Thin.otf"; sourceTree = "<group>"; };
		8355A90E28DAE4C200F9534A /* Font.swift */ = {isa = PBXFileReference; lastKnownFileType = sourcecode.swift; path = Font.swift; sourceTree = "<group>"; };
		837A67DD28FFB45D00046632 /* LoginViewController.storyboard */ = {isa = PBXFileReference; lastKnownFileType = file.storyboard; path = LoginViewController.storyboard; sourceTree = "<group>"; };
		837A67DF28FFB47600046632 /* LoginViewController.swift */ = {isa = PBXFileReference; lastKnownFileType = sourcecode.swift; path = LoginViewController.swift; sourceTree = "<group>"; };
		837A67E128FFB51400046632 /* StartViewController.swift */ = {isa = PBXFileReference; lastKnownFileType = sourcecode.swift; path = StartViewController.swift; sourceTree = "<group>"; };
		83AF5E2E28D8107D00608C1F /* AllClosetViewController.swift */ = {isa = PBXFileReference; lastKnownFileType = sourcecode.swift; path = AllClosetViewController.swift; sourceTree = "<group>"; };
		83B7E5E928FFB9B700B1B674 /* UIViewControllerExtension.swift */ = {isa = PBXFileReference; lastKnownFileType = sourcecode.swift; path = UIViewControllerExtension.swift; sourceTree = "<group>"; };
		83BEC86B28CF7A56005BB854 /* REFIT.app */ = {isa = PBXFileReference; explicitFileType = wrapper.application; includeInIndex = 0; path = REFIT.app; sourceTree = BUILT_PRODUCTS_DIR; };
		83BEC86E28CF7A56005BB854 /* AppDelegate.swift */ = {isa = PBXFileReference; lastKnownFileType = sourcecode.swift; path = AppDelegate.swift; sourceTree = "<group>"; };
		83BEC87028CF7A56005BB854 /* SceneDelegate.swift */ = {isa = PBXFileReference; lastKnownFileType = sourcecode.swift; path = SceneDelegate.swift; sourceTree = "<group>"; };
		83BEC87228CF7A56005BB854 /* MainViewController.swift */ = {isa = PBXFileReference; lastKnownFileType = sourcecode.swift; path = MainViewController.swift; sourceTree = "<group>"; };
		83BEC87528CF7A56005BB854 /* Base */ = {isa = PBXFileReference; lastKnownFileType = file.storyboard; name = Base; path = Base.lproj/Main.storyboard; sourceTree = "<group>"; };
		83BEC87728CF7A57005BB854 /* Assets.xcassets */ = {isa = PBXFileReference; lastKnownFileType = folder.assetcatalog; path = Assets.xcassets; sourceTree = "<group>"; };
		83BEC87A28CF7A57005BB854 /* Base */ = {isa = PBXFileReference; lastKnownFileType = file.storyboard; name = Base; path = Base.lproj/LaunchScreen.storyboard; sourceTree = "<group>"; };
		83BEC87C28CF7A57005BB854 /* Info.plist */ = {isa = PBXFileReference; lastKnownFileType = text.plist.xml; path = Info.plist; sourceTree = "<group>"; };
		83C2793428D63D510071F392 /* MainClosetViewController.storyboard */ = {isa = PBXFileReference; fileEncoding = 4; lastKnownFileType = file.storyboard; path = MainClosetViewController.storyboard; sourceTree = "<group>"; };
		83D6244228D3FCC8008DD677 /* MainClosetViewController.swift */ = {isa = PBXFileReference; lastKnownFileType = sourcecode.swift; path = MainClosetViewController.swift; sourceTree = "<group>"; };
		83D6244628D40332008DD677 /* SettingViewController.swift */ = {isa = PBXFileReference; lastKnownFileType = sourcecode.swift; path = SettingViewController.swift; sourceTree = "<group>"; };
		83D6244828D40371008DD677 /* SettingViewController.storyboard */ = {isa = PBXFileReference; lastKnownFileType = file.storyboard; path = SettingViewController.storyboard; sourceTree = "<group>"; };
/* End PBXFileReference section */

/* Begin PBXFrameworksBuildPhase section */
		83BEC86828CF7A56005BB854 /* Frameworks */ = {
			isa = PBXFrameworksBuildPhase;
			buildActionMask = 2147483647;
			files = (
				837A67B628FEE3D900046632 /* GoogleSignIn in Frameworks */,
				837A67B828FEE3D900046632 /* GoogleSignInSwift in Frameworks */,
				837A67E528FFB68000046632 /* FirebaseAnalytics in Frameworks */,
				837A67E928FFB68000046632 /* FirebaseFirestore in Frameworks */,
				837A67E728FFB68000046632 /* FirebaseAuth in Frameworks */,
			);
			runOnlyForDeploymentPostprocessing = 0;
		};
/* End PBXFrameworksBuildPhase section */

/* Begin PBXGroup section */
		8355A8E628DAA99C00F9534A /* Font */ = {
			isa = PBXGroup;
			children = (
				8355A90E28DAE4C200F9534A /* Font.swift */,
				8355A8FA28DAE46E00F9534A /* Pretendard */,
			);
			path = Font;
			sourceTree = "<group>";
		};
		8355A8FA28DAE46E00F9534A /* Pretendard */ = {
			isa = PBXGroup;
			children = (
				8355A8FF28DAE48300F9534A /* Pretendard-Black.otf */,
				8355A90128DAE48300F9534A /* Pretendard-ExtraBold.otf */,
				8355A8FC28DAE48200F9534A /* Pretendard-Bold.otf */,
				8355A8FE28DAE48200F9534A /* Pretendard-SemiBold.otf */,
				8355A8FB28DAE48200F9534A /* Pretendard-Medium.otf */,
				8355A90028DAE48300F9534A /* Pretendard-Regular.otf */,
				8355A8FD28DAE48200F9534A /* Pretendard-Light.otf */,
				8355A90228DAE48300F9534A /* Pretendard-ExtraLight.otf */,
				8355A90328DAE48300F9534A /* Pretendard-Thin.otf */,
			);
			path = Pretendard;
			sourceTree = "<group>";
		};
		837A67B928FEE4A200046632 /* Main */ = {
			isa = PBXGroup;
			children = (
				83BEC87428CF7A56005BB854 /* Main.storyboard */,
				837A67E128FFB51400046632 /* StartViewController.swift */,
				83BEC87228CF7A56005BB854 /* MainViewController.swift */,
			);
			path = Main;
			sourceTree = "<group>";
		};
		837A67BA28FEE4D400046632 /* Setting */ = {
			isa = PBXGroup;
			children = (
				83D6244828D40371008DD677 /* SettingViewController.storyboard */,
				83D6244628D40332008DD677 /* SettingViewController.swift */,
			);
			path = Setting;
			sourceTree = "<group>";
		};
		837A67DB28FFB42800046632 /* Login */ = {
			isa = PBXGroup;
			children = (
				837A67DD28FFB45D00046632 /* LoginViewController.storyboard */,
				837A67DF28FFB47600046632 /* LoginViewController.swift */,
			);
			path = Login;
			sourceTree = "<group>";
		};
		83AF5E2C28D8102200608C1F /* Closet */ = {
			isa = PBXGroup;
			children = (
				83C2793428D63D510071F392 /* MainClosetViewController.storyboard */,
				83D6244228D3FCC8008DD677 /* MainClosetViewController.swift */,
				83AF5E2E28D8107D00608C1F /* AllClosetViewController.swift */,
				83AF5E3228D9A2AE00608C1F /* AddCloset */,
			);
			path = Closet;
			sourceTree = "<group>";
		};
		83AF5E3228D9A2AE00608C1F /* AddCloset */ = {
			isa = PBXGroup;
			children = (
				8355A8E428DAA82F00F9534A /* AddClosetViewController.storyboard */,
				83353C6E28D9A66B00EB80A7 /* AddClosetViewController.swift */,
			);
			path = AddCloset;
			sourceTree = "<group>";
		};
		83B7E5E828FFB99200B1B674 /* Extension */ = {
			isa = PBXGroup;
			children = (
				83B7E5E928FFB9B700B1B674 /* UIViewControllerExtension.swift */,
			);
			path = Extension;
			sourceTree = "<group>";
		};
		83BEC86228CF7A56005BB854 = {
			isa = PBXGroup;
			children = (
				83BEC86D28CF7A56005BB854 /* REFIT */,
				83BEC86C28CF7A56005BB854 /* Products */,
			);
			sourceTree = "<group>";
		};
		83BEC86C28CF7A56005BB854 /* Products */ = {
			isa = PBXGroup;
			children = (
				83BEC86B28CF7A56005BB854 /* REFIT.app */,
			);
			name = Products;
			sourceTree = "<group>";
		};
		83BEC86D28CF7A56005BB854 /* REFIT */ = {
			isa = PBXGroup;
			children = (
				83BEC86E28CF7A56005BB854 /* AppDelegate.swift */,
				83BEC87028CF7A56005BB854 /* SceneDelegate.swift */,
				83D6243A28D2FB37008DD677 /* ViewModel */,
				83D6243928D2FB2D008DD677 /* View */,
				83B7E5E828FFB99200B1B674 /* Extension */,
				8355A8E628DAA99C00F9534A /* Font */,
				83BEC87728CF7A57005BB854 /* Assets.xcassets */,
				83BEC87C28CF7A57005BB854 /* Info.plist */,
				832A02B82900DA3500D571E1 /* GoogleService-Info.plist */,
			);
			path = REFIT;
			sourceTree = "<group>";
		};
		83D6243928D2FB2D008DD677 /* View */ = {
			isa = PBXGroup;
			children = (
				83BEC87928CF7A57005BB854 /* LaunchScreen.storyboard */,
				837A67B928FEE4A200046632 /* Main */,
				837A67DB28FFB42800046632 /* Login */,
				837A67BA28FEE4D400046632 /* Setting */,
				83AF5E2C28D8102200608C1F /* Closet */,
			);
			path = View;
			sourceTree = "<group>";
		};
		83D6243A28D2FB37008DD677 /* ViewModel */ = {
			isa = PBXGroup;
			children = (
				832A02BB2900E34900D571E1 /* LoginViewModel.swift */,
			);
			path = ViewModel;
			sourceTree = "<group>";
		};
/* End PBXGroup section */

/* Begin PBXNativeTarget section */
		83BEC86A28CF7A56005BB854 /* REFIT */ = {
			isa = PBXNativeTarget;
			buildConfigurationList = 83BEC87F28CF7A57005BB854 /* Build configuration list for PBXNativeTarget "REFIT" */;
			buildPhases = (
				83BEC86728CF7A56005BB854 /* Sources */,
				83BEC86828CF7A56005BB854 /* Frameworks */,
				83BEC86928CF7A56005BB854 /* Resources */,
			);
			buildRules = (
			);
			dependencies = (
			);
			name = REFIT;
			packageProductDependencies = (
				837A67B528FEE3D900046632 /* GoogleSignIn */,
				837A67B728FEE3D900046632 /* GoogleSignInSwift */,
				837A67E428FFB68000046632 /* FirebaseAnalytics */,
				837A67E628FFB68000046632 /* FirebaseAuth */,
				837A67E828FFB68000046632 /* FirebaseFirestore */,
			);
			productName = REFIT;
			productReference = 83BEC86B28CF7A56005BB854 /* REFIT.app */;
			productType = "com.apple.product-type.application";
		};
/* End PBXNativeTarget section */

/* Begin PBXProject section */
		83BEC86328CF7A56005BB854 /* Project object */ = {
			isa = PBXProject;
			attributes = {
				BuildIndependentTargetsInParallel = 1;
				LastSwiftUpdateCheck = 1340;
				LastUpgradeCheck = 1340;
				TargetAttributes = {
					83BEC86A28CF7A56005BB854 = {
						CreatedOnToolsVersion = 13.4.1;
					};
				};
			};
			buildConfigurationList = 83BEC86628CF7A56005BB854 /* Build configuration list for PBXProject "REFIT" */;
			compatibilityVersion = "Xcode 13.0";
			developmentRegion = en;
			hasScannedForEncodings = 0;
			knownRegions = (
				en,
				Base,
			);
			mainGroup = 83BEC86228CF7A56005BB854;
			packageReferences = (
				837A67B428FEE3D900046632 /* XCRemoteSwiftPackageReference "GoogleSignIn-iOS" */,
				837A67E328FFB68000046632 /* XCRemoteSwiftPackageReference "firebase-ios-sdk" */,
			);
			productRefGroup = 83BEC86C28CF7A56005BB854 /* Products */;
			projectDirPath = "";
			projectRoot = "";
			targets = (
				83BEC86A28CF7A56005BB854 /* REFIT */,
			);
		};
/* End PBXProject section */

/* Begin PBXResourcesBuildPhase section */
		83BEC86928CF7A56005BB854 /* Resources */ = {
			isa = PBXResourcesBuildPhase;
			buildActionMask = 2147483647;
			files = (
				8355A90628DAE49D00F9534A /* Pretendard-Bold.otf in Resources */,
				8355A8E528DAA82F00F9534A /* AddClosetViewController.storyboard in Resources */,
				8355A90428DAE49700F9534A /* Pretendard-Black.otf in Resources */,
				8355A90A28DAE4A700F9534A /* Pretendard-Light.otf in Resources */,
				8355A90528DAE49A00F9534A /* Pretendard-ExtraBold.otf in Resources */,
				8355A90728DAE49F00F9534A /* Pretendard-SemiBold.otf in Resources */,
				83D6244928D40371008DD677 /* SettingViewController.storyboard in Resources */,
				837A67DE28FFB45D00046632 /* LoginViewController.storyboard in Resources */,
				83BEC87B28CF7A57005BB854 /* LaunchScreen.storyboard in Resources */,
				83BEC87828CF7A57005BB854 /* Assets.xcassets in Resources */,
				83BEC87628CF7A56005BB854 /* Main.storyboard in Resources */,
				83C2793528D63D510071F392 /* MainClosetViewController.storyboard in Resources */,
				832A02B92900DA3500D571E1 /* GoogleService-Info.plist in Resources */,
				8355A90828DAE4A200F9534A /* Pretendard-Medium.otf in Resources */,
				8355A90C28DAE4AB00F9534A /* Pretendard-Thin.otf in Resources */,
				8355A90B28DAE4A900F9534A /* Pretendard-ExtraLight.otf in Resources */,
				8355A90928DAE4A400F9534A /* Pretendard-Regular.otf in Resources */,
			);
			runOnlyForDeploymentPostprocessing = 0;
		};
/* End PBXResourcesBuildPhase section */

/* Begin PBXSourcesBuildPhase section */
		83BEC86728CF7A56005BB854 /* Sources */ = {
			isa = PBXSourcesBuildPhase;
			buildActionMask = 2147483647;
			files = (
				83BEC87328CF7A56005BB854 /* MainViewController.swift in Sources */,
				83BEC86F28CF7A56005BB854 /* AppDelegate.swift in Sources */,
				83353C6F28D9A66B00EB80A7 /* AddClosetViewController.swift in Sources */,
				83BEC87128CF7A56005BB854 /* SceneDelegate.swift in Sources */,
				83D6244328D3FCC8008DD677 /* MainClosetViewController.swift in Sources */,
				837A67E228FFB51400046632 /* StartViewController.swift in Sources */,
				83AF5E2F28D8107D00608C1F /* AllClosetViewController.swift in Sources */,
				83B7E5EA28FFB9B700B1B674 /* UIViewControllerExtension.swift in Sources */,
				832A02BC2900E34900D571E1 /* LoginViewModel.swift in Sources */,
				8355A90F28DAE4C200F9534A /* Font.swift in Sources */,
				837A67E028FFB47600046632 /* LoginViewController.swift in Sources */,
				83D6244728D40332008DD677 /* SettingViewController.swift in Sources */,
			);
			runOnlyForDeploymentPostprocessing = 0;
		};
/* End PBXSourcesBuildPhase section */

/* Begin PBXVariantGroup section */
		83BEC87428CF7A56005BB854 /* Main.storyboard */ = {
			isa = PBXVariantGroup;
			children = (
				83BEC87528CF7A56005BB854 /* Base */,
			);
			name = Main.storyboard;
			sourceTree = "<group>";
		};
		83BEC87928CF7A57005BB854 /* LaunchScreen.storyboard */ = {
			isa = PBXVariantGroup;
			children = (
				83BEC87A28CF7A57005BB854 /* Base */,
			);
			name = LaunchScreen.storyboard;
			sourceTree = "<group>";
		};
/* End PBXVariantGroup section */

/* Begin XCBuildConfiguration section */
		83BEC87D28CF7A57005BB854 /* Debug */ = {
			isa = XCBuildConfiguration;
			buildSettings = {
				ALWAYS_SEARCH_USER_PATHS = NO;
				CLANG_ANALYZER_NONNULL = YES;
				CLANG_ANALYZER_NUMBER_OBJECT_CONVERSION = YES_AGGRESSIVE;
				CLANG_CXX_LANGUAGE_STANDARD = "gnu++17";
				CLANG_ENABLE_MODULES = YES;
				CLANG_ENABLE_OBJC_ARC = YES;
				CLANG_ENABLE_OBJC_WEAK = YES;
				CLANG_WARN_BLOCK_CAPTURE_AUTORELEASING = YES;
				CLANG_WARN_BOOL_CONVERSION = YES;
				CLANG_WARN_COMMA = YES;
				CLANG_WARN_CONSTANT_CONVERSION = YES;
				CLANG_WARN_DEPRECATED_OBJC_IMPLEMENTATIONS = YES;
				CLANG_WARN_DIRECT_OBJC_ISA_USAGE = YES_ERROR;
				CLANG_WARN_DOCUMENTATION_COMMENTS = YES;
				CLANG_WARN_EMPTY_BODY = YES;
				CLANG_WARN_ENUM_CONVERSION = YES;
				CLANG_WARN_INFINITE_RECURSION = YES;
				CLANG_WARN_INT_CONVERSION = YES;
				CLANG_WARN_NON_LITERAL_NULL_CONVERSION = YES;
				CLANG_WARN_OBJC_IMPLICIT_RETAIN_SELF = YES;
				CLANG_WARN_OBJC_LITERAL_CONVERSION = YES;
				CLANG_WARN_OBJC_ROOT_CLASS = YES_ERROR;
				CLANG_WARN_QUOTED_INCLUDE_IN_FRAMEWORK_HEADER = YES;
				CLANG_WARN_RANGE_LOOP_ANALYSIS = YES;
				CLANG_WARN_STRICT_PROTOTYPES = YES;
				CLANG_WARN_SUSPICIOUS_MOVE = YES;
				CLANG_WARN_UNGUARDED_AVAILABILITY = YES_AGGRESSIVE;
				CLANG_WARN_UNREACHABLE_CODE = YES;
				CLANG_WARN__DUPLICATE_METHOD_MATCH = YES;
				COPY_PHASE_STRIP = NO;
				DEBUG_INFORMATION_FORMAT = dwarf;
				ENABLE_STRICT_OBJC_MSGSEND = YES;
				ENABLE_TESTABILITY = YES;
				GCC_C_LANGUAGE_STANDARD = gnu11;
				GCC_DYNAMIC_NO_PIC = NO;
				GCC_NO_COMMON_BLOCKS = YES;
				GCC_OPTIMIZATION_LEVEL = 0;
				GCC_PREPROCESSOR_DEFINITIONS = (
					"DEBUG=1",
					"$(inherited)",
				);
				GCC_WARN_64_TO_32_BIT_CONVERSION = YES;
				GCC_WARN_ABOUT_RETURN_TYPE = YES_ERROR;
				GCC_WARN_UNDECLARED_SELECTOR = YES;
				GCC_WARN_UNINITIALIZED_AUTOS = YES_AGGRESSIVE;
				GCC_WARN_UNUSED_FUNCTION = YES;
				GCC_WARN_UNUSED_VARIABLE = YES;
				IPHONEOS_DEPLOYMENT_TARGET = 15.5;
				MTL_ENABLE_DEBUG_INFO = INCLUDE_SOURCE;
				MTL_FAST_MATH = YES;
				ONLY_ACTIVE_ARCH = YES;
				SDKROOT = iphoneos;
				SWIFT_ACTIVE_COMPILATION_CONDITIONS = DEBUG;
				SWIFT_OPTIMIZATION_LEVEL = "-Onone";
			};
			name = Debug;
		};
		83BEC87E28CF7A57005BB854 /* Release */ = {
			isa = XCBuildConfiguration;
			buildSettings = {
				ALWAYS_SEARCH_USER_PATHS = NO;
				CLANG_ANALYZER_NONNULL = YES;
				CLANG_ANALYZER_NUMBER_OBJECT_CONVERSION = YES_AGGRESSIVE;
				CLANG_CXX_LANGUAGE_STANDARD = "gnu++17";
				CLANG_ENABLE_MODULES = YES;
				CLANG_ENABLE_OBJC_ARC = YES;
				CLANG_ENABLE_OBJC_WEAK = YES;
				CLANG_WARN_BLOCK_CAPTURE_AUTORELEASING = YES;
				CLANG_WARN_BOOL_CONVERSION = YES;
				CLANG_WARN_COMMA = YES;
				CLANG_WARN_CONSTANT_CONVERSION = YES;
				CLANG_WARN_DEPRECATED_OBJC_IMPLEMENTATIONS = YES;
				CLANG_WARN_DIRECT_OBJC_ISA_USAGE = YES_ERROR;
				CLANG_WARN_DOCUMENTATION_COMMENTS = YES;
				CLANG_WARN_EMPTY_BODY = YES;
				CLANG_WARN_ENUM_CONVERSION = YES;
				CLANG_WARN_INFINITE_RECURSION = YES;
				CLANG_WARN_INT_CONVERSION = YES;
				CLANG_WARN_NON_LITERAL_NULL_CONVERSION = YES;
				CLANG_WARN_OBJC_IMPLICIT_RETAIN_SELF = YES;
				CLANG_WARN_OBJC_LITERAL_CONVERSION = YES;
				CLANG_WARN_OBJC_ROOT_CLASS = YES_ERROR;
				CLANG_WARN_QUOTED_INCLUDE_IN_FRAMEWORK_HEADER = YES;
				CLANG_WARN_RANGE_LOOP_ANALYSIS = YES;
				CLANG_WARN_STRICT_PROTOTYPES = YES;
				CLANG_WARN_SUSPICIOUS_MOVE = YES;
				CLANG_WARN_UNGUARDED_AVAILABILITY = YES_AGGRESSIVE;
				CLANG_WARN_UNREACHABLE_CODE = YES;
				CLANG_WARN__DUPLICATE_METHOD_MATCH = YES;
				COPY_PHASE_STRIP = NO;
				DEBUG_INFORMATION_FORMAT = "dwarf-with-dsym";
				ENABLE_NS_ASSERTIONS = NO;
				ENABLE_STRICT_OBJC_MSGSEND = YES;
				GCC_C_LANGUAGE_STANDARD = gnu11;
				GCC_NO_COMMON_BLOCKS = YES;
				GCC_WARN_64_TO_32_BIT_CONVERSION = YES;
				GCC_WARN_ABOUT_RETURN_TYPE = YES_ERROR;
				GCC_WARN_UNDECLARED_SELECTOR = YES;
				GCC_WARN_UNINITIALIZED_AUTOS = YES_AGGRESSIVE;
				GCC_WARN_UNUSED_FUNCTION = YES;
				GCC_WARN_UNUSED_VARIABLE = YES;
				IPHONEOS_DEPLOYMENT_TARGET = 15.5;
				MTL_ENABLE_DEBUG_INFO = NO;
				MTL_FAST_MATH = YES;
				SDKROOT = iphoneos;
				SWIFT_COMPILATION_MODE = wholemodule;
				SWIFT_OPTIMIZATION_LEVEL = "-O";
				VALIDATE_PRODUCT = YES;
			};
			name = Release;
		};
		83BEC88028CF7A57005BB854 /* Debug */ = {
			isa = XCBuildConfiguration;
			buildSettings = {
				ASSETCATALOG_COMPILER_APPICON_NAME = AppIcon;
				ASSETCATALOG_COMPILER_GLOBAL_ACCENT_COLOR_NAME = AccentColor;
				CODE_SIGN_STYLE = Automatic;
				CURRENT_PROJECT_VERSION = 1;
				DEVELOPMENT_TEAM = A4Q2FJP2XU;
				GENERATE_INFOPLIST_FILE = YES;
				INFOPLIST_FILE = REFIT/Info.plist;
				INFOPLIST_KEY_NSCameraUsageDescription = "사진을 선택하라!";
				INFOPLIST_KEY_UIApplicationSupportsIndirectInputEvents = YES;
				INFOPLIST_KEY_UILaunchStoryboardName = LaunchScreen;
				INFOPLIST_KEY_UIMainStoryboardFile = Main;
				INFOPLIST_KEY_UISupportedInterfaceOrientations_iPad = "UIInterfaceOrientationPortrait UIInterfaceOrientationPortraitUpsideDown UIInterfaceOrientationLandscapeLeft UIInterfaceOrientationLandscapeRight";
				INFOPLIST_KEY_UISupportedInterfaceOrientations_iPhone = "UIInterfaceOrientationPortrait UIInterfaceOrientationLandscapeLeft UIInterfaceOrientationLandscapeRight";
				INFOPLIST_KEY_UIUserInterfaceStyle = Light;
				LD_RUNPATH_SEARCH_PATHS = (
					"$(inherited)",
					"@executable_path/Frameworks",
				);
				MARKETING_VERSION = 1.0;
				PRODUCT_BUNDLE_IDENTIFIER = "Kim-dongyoon.REFIT";
				PRODUCT_NAME = "$(TARGET_NAME)";
				SWIFT_EMIT_LOC_STRINGS = YES;
				SWIFT_VERSION = 5.0;
				TARGETED_DEVICE_FAMILY = "1,2";
			};
			name = Debug;
		};
		83BEC88128CF7A57005BB854 /* Release */ = {
			isa = XCBuildConfiguration;
			buildSettings = {
				ASSETCATALOG_COMPILER_APPICON_NAME = AppIcon;
				ASSETCATALOG_COMPILER_GLOBAL_ACCENT_COLOR_NAME = AccentColor;
				CODE_SIGN_STYLE = Automatic;
				CURRENT_PROJECT_VERSION = 1;
				DEVELOPMENT_TEAM = A4Q2FJP2XU;
				GENERATE_INFOPLIST_FILE = YES;
				INFOPLIST_FILE = REFIT/Info.plist;
				INFOPLIST_KEY_NSCameraUsageDescription = "사진을 선택하라!";
				INFOPLIST_KEY_UIApplicationSupportsIndirectInputEvents = YES;
				INFOPLIST_KEY_UILaunchStoryboardName = LaunchScreen;
				INFOPLIST_KEY_UIMainStoryboardFile = Main;
				INFOPLIST_KEY_UISupportedInterfaceOrientations_iPad = "UIInterfaceOrientationPortrait UIInterfaceOrientationPortraitUpsideDown UIInterfaceOrientationLandscapeLeft UIInterfaceOrientationLandscapeRight";
				INFOPLIST_KEY_UISupportedInterfaceOrientations_iPhone = "UIInterfaceOrientationPortrait UIInterfaceOrientationLandscapeLeft UIInterfaceOrientationLandscapeRight";
				INFOPLIST_KEY_UIUserInterfaceStyle = Light;
				LD_RUNPATH_SEARCH_PATHS = (
					"$(inherited)",
					"@executable_path/Frameworks",
				);
				MARKETING_VERSION = 1.0;
				PRODUCT_BUNDLE_IDENTIFIER = "Kim-dongyoon.REFIT";
				PRODUCT_NAME = "$(TARGET_NAME)";
				SWIFT_EMIT_LOC_STRINGS = YES;
				SWIFT_VERSION = 5.0;
				TARGETED_DEVICE_FAMILY = "1,2";
			};
			name = Release;
		};
/* End XCBuildConfiguration section */

/* Begin XCConfigurationList section */
		83BEC86628CF7A56005BB854 /* Build configuration list for PBXProject "REFIT" */ = {
			isa = XCConfigurationList;
			buildConfigurations = (
				83BEC87D28CF7A57005BB854 /* Debug */,
				83BEC87E28CF7A57005BB854 /* Release */,
			);
			defaultConfigurationIsVisible = 0;
			defaultConfigurationName = Release;
		};
		83BEC87F28CF7A57005BB854 /* Build configuration list for PBXNativeTarget "REFIT" */ = {
			isa = XCConfigurationList;
			buildConfigurations = (
				83BEC88028CF7A57005BB854 /* Debug */,
				83BEC88128CF7A57005BB854 /* Release */,
			);
			defaultConfigurationIsVisible = 0;
			defaultConfigurationName = Release;
		};
/* End XCConfigurationList section */

/* Begin XCRemoteSwiftPackageReference section */
		837A67B428FEE3D900046632 /* XCRemoteSwiftPackageReference "GoogleSignIn-iOS" */ = {
			isa = XCRemoteSwiftPackageReference;
			repositoryURL = "https://github.com/google/GoogleSignIn-iOS";
			requirement = {
				kind = upToNextMajorVersion;
				minimumVersion = 6.0.0;
			};
		};
		837A67E328FFB68000046632 /* XCRemoteSwiftPackageReference "firebase-ios-sdk" */ = {
			isa = XCRemoteSwiftPackageReference;
			repositoryURL = "https://github.com/firebase/firebase-ios-sdk";
			requirement = {
				kind = upToNextMajorVersion;
				minimumVersion = 9.0.0;
			};
		};
/* End XCRemoteSwiftPackageReference section */

/* Begin XCSwiftPackageProductDependency section */
		837A67B528FEE3D900046632 /* GoogleSignIn */ = {
			isa = XCSwiftPackageProductDependency;
			package = 837A67B428FEE3D900046632 /* XCRemoteSwiftPackageReference "GoogleSignIn-iOS" */;
			productName = GoogleSignIn;
		};
		837A67B728FEE3D900046632 /* GoogleSignInSwift */ = {
			isa = XCSwiftPackageProductDependency;
			package = 837A67B428FEE3D900046632 /* XCRemoteSwiftPackageReference "GoogleSignIn-iOS" */;
			productName = GoogleSignInSwift;
		};
		837A67E428FFB68000046632 /* FirebaseAnalytics */ = {
			isa = XCSwiftPackageProductDependency;
			package = 837A67E328FFB68000046632 /* XCRemoteSwiftPackageReference "firebase-ios-sdk" */;
			productName = FirebaseAnalytics;
		};
		837A67E628FFB68000046632 /* FirebaseAuth */ = {
			isa = XCSwiftPackageProductDependency;
			package = 837A67E328FFB68000046632 /* XCRemoteSwiftPackageReference "firebase-ios-sdk" */;
			productName = FirebaseAuth;
		};
		837A67E828FFB68000046632 /* FirebaseFirestore */ = {
			isa = XCSwiftPackageProductDependency;
			package = 837A67E328FFB68000046632 /* XCRemoteSwiftPackageReference "firebase-ios-sdk" */;
			productName = FirebaseFirestore;
		};
/* End XCSwiftPackageProductDependency section */
	};
	rootObject = 83BEC86328CF7A56005BB854 /* Project object */;
}
